
Microsoft Visual Studio Solution File, Format Version 12.00
# Visual Studio Version 16
VisualStudioVersion = 16.0.29102.190
MinimumVisualStudioVersion = 10.0.40219.1
Project("{FAE04EC0-301F-11D3-BF4B-00C04F79EFBC}") = "BunkerMoney", "BunkerMoney.csproj", "{48C5C411-49B1-4FCD-9AE3-C764E3B0432F}"
EndProject
Global
	GlobalSection(SolutionConfigurationPlatforms) = preSolution
		Debug|Any CPU = Debug|Any CPU
		Debug|x64 = Debug|x64
		Release|Any CPU = Release|Any CPU
		Release|x64 = Release|x64
	EndGlobalSection
	GlobalSection(ProjectConfigurationPlatforms) = postSolution
		{48C5C411-49B1-4FCD-9AE3-C764E3B0432F}.Debug|Any CPU.ActiveCfg = Debug|Any CPU
		{48C5C411-49B1-4FCD-9AE3-C764E3B0432F}.Debug|Any CPU.Build.0 = Debug|Any CPU
		{48C5C411-49B1-4FCD-9AE3-C764E3B0432F}.Debug|x64.ActiveCfg = Debug|x64
		{48C5C411-49B1-4FCD-9AE3-C764E3B0432F}.Debug|x64.Build.0 = Debug|x64
		{48C5C411-49B1-4FCD-9AE3-C764E3B0432F}.Release|Any CPU.ActiveCfg = Release|Any CPU
		{48C5C411-49B1-4FCD-9AE3-C764E3B0432F}.Release|Any CPU.Build.0 = Release|Any CPU
		{48C5C411-49B1-4FCD-9AE3-C764E3B0432F}.Release|x64.ActiveCfg = Release|x64
		{48C5C411-49B1-4FCD-9AE3-C764E3B0432F}.Release|x64.Build.0 = Release|x64
	EndGlobalSection
	GlobalSection(SolutionProperties) = preSolution
		HideSolutionNode = FALSE
	EndGlobalSection
	GlobalSection(ExtensibilityGlobals) = postSolution
		SolutionGuid = {1BD776DB-1F0A-4007-AB10-7EF9954FC429}
	EndGlobalSection
EndGlobal
